// !$*UTF8*$!
{
	archiveVersion = 1;
	classes = {
	};
	objectVersion = 50;
	objects = {

/* Begin PBXBuildFile section */
		4740FA1B2216BEB800E95BDB /* StartViewController.swift in Sources */ = {isa = PBXBuildFile; fileRef = 4740FA1A2216BEB800E95BDB /* StartViewController.swift */; };
		4740FA1D2216C42300E95BDB /* hitujipng.png in Resources */ = {isa = PBXBuildFile; fileRef = 4740FA1C2216C42300E95BDB /* hitujipng.png */; };
		4740FA1F2216C4F200E95BDB /* start.png in Resources */ = {isa = PBXBuildFile; fileRef = 4740FA1E2216C4F200E95BDB /* start.png */; };
		4740FA232216D3B200E95BDB /* plus.png in Resources */ = {isa = PBXBuildFile; fileRef = 4740FA222216D3B100E95BDB /* plus.png */; };
		4740FA252216D46300E95BDB /* heart.png in Resources */ = {isa = PBXBuildFile; fileRef = 4740FA242216D46300E95BDB /* heart.png */; };
		4740FA282216DEBF00E95BDB /* チェック空.png in Resources */ = {isa = PBXBuildFile; fileRef = 4740FA262216DEBE00E95BDB /* チェック空.png */; };
		4740FA292216DEBF00E95BDB /* チェック済.png in Resources */ = {isa = PBXBuildFile; fileRef = 4740FA272216DEBF00E95BDB /* チェック済.png */; };
		4740FA3C22200A0900E95BDB /* CustomTableViewCell.swift in Sources */ = {isa = PBXBuildFile; fileRef = 4740FA3A22200A0900E95BDB /* CustomTableViewCell.swift */; };
		4740FA3D22200A0900E95BDB /* CustomTableViewCell.xib in Resources */ = {isa = PBXBuildFile; fileRef = 4740FA3B22200A0900E95BDB /* CustomTableViewCell.xib */; };
		47B3F5FF21FB0D6000EF5D6C /* AppDelegate.swift in Sources */ = {isa = PBXBuildFile; fileRef = 47B3F5FE21FB0D6000EF5D6C /* AppDelegate.swift */; };
		47B3F60121FB0D6000EF5D6C /* ViewController.swift in Sources */ = {isa = PBXBuildFile; fileRef = 47B3F60021FB0D6000EF5D6C /* ViewController.swift */; };
		47B3F60421FB0D6000EF5D6C /* Main.storyboard in Resources */ = {isa = PBXBuildFile; fileRef = 47B3F60221FB0D6000EF5D6C /* Main.storyboard */; };
		47B3F60621FB0D6C00EF5D6C /* Assets.xcassets in Resources */ = {isa = PBXBuildFile; fileRef = 47B3F60521FB0D6C00EF5D6C /* Assets.xcassets */; };
		47B3F60921FB0D6C00EF5D6C /* LaunchScreen.storyboard in Resources */ = {isa = PBXBuildFile; fileRef = 47B3F60721FB0D6C00EF5D6C /* LaunchScreen.storyboard */; };
		47B3F61121FB0E3400EF5D6C /* ToDoListViewController.swift in Sources */ = {isa = PBXBuildFile; fileRef = 47B3F61021FB0E3400EF5D6C /* ToDoListViewController.swift */; };
/* End PBXBuildFile section */

/* Begin PBXFileReference section */
		4740FA1A2216BEB800E95BDB /* StartViewController.swift */ = {isa = PBXFileReference; lastKnownFileType = sourcecode.swift; path = StartViewController.swift; sourceTree = "<group>"; };
		4740FA1C2216C42300E95BDB /* hitujipng.png */ = {isa = PBXFileReference; lastKnownFileType = image.png; path = hitujipng.png; sourceTree = "<group>"; };
		4740FA1E2216C4F200E95BDB /* start.png */ = {isa = PBXFileReference; lastKnownFileType = image.png; path = start.png; sourceTree = "<group>"; };
		4740FA222216D3B100E95BDB /* plus.png */ = {isa = PBXFileReference; lastKnownFileType = image.png; path = plus.png; sourceTree = "<group>"; };
		4740FA242216D46300E95BDB /* heart.png */ = {isa = PBXFileReference; lastKnownFileType = image.png; path = heart.png; sourceTree = "<group>"; };
		4740FA262216DEBE00E95BDB /* チェック空.png */ = {isa = PBXFileReference; lastKnownFileType = image.png; path = "チェック空.png"; sourceTree = "<group>"; };
		4740FA272216DEBF00E95BDB /* チェック済.png */ = {isa = PBXFileReference; lastKnownFileType = image.png; path = "チェック済.png"; sourceTree = "<group>"; };
		4740FA3A22200A0900E95BDB /* CustomTableViewCell.swift */ = {isa = PBXFileReference; lastKnownFileType = sourcecode.swift; path = CustomTableViewCell.swift; sourceTree = "<group>"; };
		4740FA3B22200A0900E95BDB /* CustomTableViewCell.xib */ = {isa = PBXFileReference; lastKnownFileType = file.xib; path = CustomTableViewCell.xib; sourceTree = "<group>"; };
		47B3F5FB21FB0D6000EF5D6C /* ToDoList.app */ = {isa = PBXFileReference; explicitFileType = wrapper.application; includeInIndex = 0; path = ToDoList.app; sourceTree = BUILT_PRODUCTS_DIR; };
		47B3F5FE21FB0D6000EF5D6C /* AppDelegate.swift */ = {isa = PBXFileReference; lastKnownFileType = sourcecode.swift; path = AppDelegate.swift; sourceTree = "<group>"; };
		47B3F60021FB0D6000EF5D6C /* ViewController.swift */ = {isa = PBXFileReference; lastKnownFileType = sourcecode.swift; path = ViewController.swift; sourceTree = "<group>"; };
		47B3F60321FB0D6000EF5D6C /* Base */ = {isa = PBXFileReference; lastKnownFileType = file.storyboard; name = Base; path = Base.lproj/Main.storyboard; sourceTree = "<group>"; };
		47B3F60521FB0D6C00EF5D6C /* Assets.xcassets */ = {isa = PBXFileReference; lastKnownFileType = folder.assetcatalog; path = Assets.xcassets; sourceTree = "<group>"; };
		47B3F60821FB0D6C00EF5D6C /* Base */ = {isa = PBXFileReference; lastKnownFileType = file.storyboard; name = Base; path = Base.lproj/LaunchScreen.storyboard; sourceTree = "<group>"; };
		47B3F60A21FB0D6C00EF5D6C /* Info.plist */ = {isa = PBXFileReference; lastKnownFileType = text.plist.xml; path = Info.plist; sourceTree = "<group>"; };
		47B3F61021FB0E3400EF5D6C /* ToDoListViewController.swift */ = {isa = PBXFileReference; lastKnownFileType = sourcecode.swift; path = ToDoListViewController.swift; sourceTree = "<group>"; };
/* End PBXFileReference section */

/* Begin PBXFrameworksBuildPhase section */
		47B3F5F821FB0D6000EF5D6C /* Frameworks */ = {
			isa = PBXFrameworksBuildPhase;
			buildActionMask = 2147483647;
			files = (
			);
			runOnlyForDeploymentPostprocessing = 0;
		};
/* End PBXFrameworksBuildPhase section */

/* Begin PBXGroup section */
		47B3F5F221FB0D5F00EF5D6C = {
			isa = PBXGroup;
			children = (
				47B3F5FD21FB0D6000EF5D6C /* ToDoList */,
				47B3F5FC21FB0D6000EF5D6C /* Products */,
			);
			sourceTree = "<group>";
		};
		47B3F5FC21FB0D6000EF5D6C /* Products */ = {
			isa = PBXGroup;
			children = (
				47B3F5FB21FB0D6000EF5D6C /* ToDoList.app */,
			);
			name = Products;
			sourceTree = "<group>";
		};
		47B3F5FD21FB0D6000EF5D6C /* ToDoList */ = {
			isa = PBXGroup;
			children = (
				4740FA262216DEBE00E95BDB /* チェック空.png */,
				4740FA272216DEBF00E95BDB /* チェック済.png */,
				4740FA222216D3B100E95BDB /* plus.png */,
				4740FA1E2216C4F200E95BDB /* start.png */,
				4740FA1C2216C42300E95BDB /* hitujipng.png */,
				4740FA242216D46300E95BDB /* heart.png */,
				47B3F5FE21FB0D6000EF5D6C /* AppDelegate.swift */,
				47B3F60021FB0D6000EF5D6C /* ViewController.swift */,
				47B3F60221FB0D6000EF5D6C /* Main.storyboard */,
				47B3F60521FB0D6C00EF5D6C /* Assets.xcassets */,
				47B3F60721FB0D6C00EF5D6C /* LaunchScreen.storyboard */,
				47B3F60A21FB0D6C00EF5D6C /* Info.plist */,
				47B3F61021FB0E3400EF5D6C /* ToDoListViewController.swift */,
				4740FA1A2216BEB800E95BDB /* StartViewController.swift */,
				4740FA3A22200A0900E95BDB /* CustomTableViewCell.swift */,
				4740FA3B22200A0900E95BDB /* CustomTableViewCell.xib */,
			);
			path = ToDoList;
			sourceTree = "<group>";
		};
/* End PBXGroup section */

/* Begin PBXNativeTarget section */
		47B3F5FA21FB0D6000EF5D6C /* ToDoList */ = {
			isa = PBXNativeTarget;
			buildConfigurationList = 47B3F60D21FB0D6C00EF5D6C /* Build configuration list for PBXNativeTarget "ToDoList" */;
			buildPhases = (
				47B3F5F721FB0D6000EF5D6C /* Sources */,
				47B3F5F821FB0D6000EF5D6C /* Frameworks */,
				47B3F5F921FB0D6000EF5D6C /* Resources */,
			);
			buildRules = (
			);
			dependencies = (
			);
			name = ToDoList;
			productName = ToDoList;
			productReference = 47B3F5FB21FB0D6000EF5D6C /* ToDoList.app */;
			productType = "com.apple.product-type.application";
		};
/* End PBXNativeTarget section */

/* Begin PBXProject section */
		47B3F5F321FB0D5F00EF5D6C /* Project object */ = {
			isa = PBXProject;
			attributes = {
				LastSwiftUpdateCheck = 1010;
				LastUpgradeCheck = 1010;
				ORGANIZATIONNAME = com.litech;
				TargetAttributes = {
					47B3F5FA21FB0D6000EF5D6C = {
						CreatedOnToolsVersion = 10.1;
					};
				};
			};
			buildConfigurationList = 47B3F5F621FB0D5F00EF5D6C /* Build configuration list for PBXProject "ToDoList" */;
			compatibilityVersion = "Xcode 9.3";
			developmentRegion = en;
			hasScannedForEncodings = 0;
			knownRegions = (
				en,
				Base,
			);
			mainGroup = 47B3F5F221FB0D5F00EF5D6C;
			productRefGroup = 47B3F5FC21FB0D6000EF5D6C /* Products */;
			projectDirPath = "";
			projectRoot = "";
			targets = (
				47B3F5FA21FB0D6000EF5D6C /* ToDoList */,
			);
		};
/* End PBXProject section */

/* Begin PBXResourcesBuildPhase section */
		47B3F5F921FB0D6000EF5D6C /* Resources */ = {
			isa = PBXResourcesBuildPhase;
			buildActionMask = 2147483647;
			files = (
				4740FA282216DEBF00E95BDB /* チェック空.png in Resources */,
				47B3F60921FB0D6C00EF5D6C /* LaunchScreen.storyboard in Resources */,
				47B3F60621FB0D6C00EF5D6C /* Assets.xcassets in Resources */,
				4740FA1F2216C4F200E95BDB /* start.png in Resources */,
				4740FA292216DEBF00E95BDB /* チェック済.png in Resources */,
				4740FA1D2216C42300E95BDB /* hitujipng.png in Resources */,
				4740FA252216D46300E95BDB /* heart.png in Resources */,
				47B3F60421FB0D6000EF5D6C /* Main.storyboard in Resources */,
				4740FA3D22200A0900E95BDB /* CustomTableViewCell.xib in Resources */,
				4740FA232216D3B200E95BDB /* plus.png in Resources */,
			);
			runOnlyForDeploymentPostprocessing = 0;
		};
/* End PBXResourcesBuildPhase section */

/* Begin PBXSourcesBuildPhase section */
		47B3F5F721FB0D6000EF5D6C /* Sources */ = {
			isa = PBXSourcesBuildPhase;
			buildActionMask = 2147483647;
			files = (
				47B3F60121FB0D6000EF5D6C /* ViewController.swift in Sources */,
				4740FA3C22200A0900E95BDB /* CustomTableViewCell.swift in Sources */,
				4740FA1B2216BEB800E95BDB /* StartViewController.swift in Sources */,
				47B3F61121FB0E3400EF5D6C /* ToDoListViewController.swift in Sources */,
				47B3F5FF21FB0D6000EF5D6C /* AppDelegate.swift in Sources */,
			);
			runOnlyForDeploymentPostprocessing = 0;
		};
/* End PBXSourcesBuildPhase section */

/* Begin PBXVariantGroup section */
		47B3F60221FB0D6000EF5D6C /* Main.storyboard */ = {
			isa = PBXVariantGroup;
			children = (
				47B3F60321FB0D6000EF5D6C /* Base */,
			);
			name = Main.storyboard;
			sourceTree = "<group>";
		};
		47B3F60721FB0D6C00EF5D6C /* LaunchScreen.storyboard */ = {
			isa = PBXVariantGroup;
			children = (
				47B3F60821FB0D6C00EF5D6C /* Base */,
			);
			name = LaunchScreen.storyboard;
			sourceTree = "<group>";
		};
/* End PBXVariantGroup section */

/* Begin XCBuildConfiguration section */
		47B3F60B21FB0D6C00EF5D6C /* Debug */ = {
			isa = XCBuildConfiguration;
			buildSettings = {
				ALWAYS_SEARCH_USER_PATHS = NO;
				CLANG_ANALYZER_NONNULL = YES;
				CLANG_ANALYZER_NUMBER_OBJECT_CONVERSION = YES_AGGRESSIVE;
				CLANG_CXX_LANGUAGE_STANDARD = "gnu++14";
				CLANG_CXX_LIBRARY = "libc++";
				CLANG_ENABLE_MODULES = YES;
				CLANG_ENABLE_OBJC_ARC = YES;
				CLANG_ENABLE_OBJC_WEAK = YES;
				CLANG_WARN_BLOCK_CAPTURE_AUTORELEASING = YES;
				CLANG_WARN_BOOL_CONVERSION = YES;
				CLANG_WARN_COMMA = YES;
				CLANG_WARN_CONSTANT_CONVERSION = YES;
				CLANG_WARN_DEPRECATED_OBJC_IMPLEMENTATIONS = YES;
				CLANG_WARN_DIRECT_OBJC_ISA_USAGE = YES_ERROR;
				CLANG_WARN_DOCUMENTATION_COMMENTS = YES;
				CLANG_WARN_EMPTY_BODY = YES;
				CLANG_WARN_ENUM_CONVERSION = YES;
				CLANG_WARN_INFINITE_RECURSION = YES;
				CLANG_WARN_INT_CONVERSION = YES;
				CLANG_WARN_NON_LITERAL_NULL_CONVERSION = YES;
				CLANG_WARN_OBJC_IMPLICIT_RETAIN_SELF = YES;
				CLANG_WARN_OBJC_LITERAL_CONVERSION = YES;
				CLANG_WARN_OBJC_ROOT_CLASS = YES_ERROR;
				CLANG_WARN_RANGE_LOOP_ANALYSIS = YES;
				CLANG_WARN_STRICT_PROTOTYPES = YES;
				CLANG_WARN_SUSPICIOUS_MOVE = YES;
				CLANG_WARN_UNGUARDED_AVAILABILITY = YES_AGGRESSIVE;
				CLANG_WARN_UNREACHABLE_CODE = YES;
				CLANG_WARN__DUPLICATE_METHOD_MATCH = YES;
				CODE_SIGN_IDENTITY = "iPhone Developer";
				COPY_PHASE_STRIP = NO;
				DEBUG_INFORMATION_FORMAT = dwarf;
				ENABLE_STRICT_OBJC_MSGSEND = YES;
				ENABLE_TESTABILITY = YES;
				GCC_C_LANGUAGE_STANDARD = gnu11;
				GCC_DYNAMIC_NO_PIC = NO;
				GCC_NO_COMMON_BLOCKS = YES;
				GCC_OPTIMIZATION_LEVEL = 0;
				GCC_PREPROCESSOR_DEFINITIONS = (
					"DEBUG=1",
					"$(inherited)",
				);
				GCC_WARN_64_TO_32_BIT_CONVERSION = YES;
				GCC_WARN_ABOUT_RETURN_TYPE = YES_ERROR;
				GCC_WARN_UNDECLARED_SELECTOR = YES;
				GCC_WARN_UNINITIALIZED_AUTOS = YES_AGGRESSIVE;
				GCC_WARN_UNUSED_FUNCTION = YES;
				GCC_WARN_UNUSED_VARIABLE = YES;
				IPHONEOS_DEPLOYMENT_TARGET = 12.1;
				MTL_ENABLE_DEBUG_INFO = INCLUDE_SOURCE;
				MTL_FAST_MATH = YES;
				ONLY_ACTIVE_ARCH = YES;
				SDKROOT = iphoneos;
				SWIFT_ACTIVE_COMPILATION_CONDITIONS = DEBUG;
				SWIFT_OPTIMIZATION_LEVEL = "-Onone";
			};
			name = Debug;
		};
		47B3F60C21FB0D6C00EF5D6C /* Release */ = {
			isa = XCBuildConfiguration;
			buildSettings = {
				ALWAYS_SEARCH_USER_PATHS = NO;
				CLANG_ANALYZER_NONNULL = YES;
				CLANG_ANALYZER_NUMBER_OBJECT_CONVERSION = YES_AGGRESSIVE;
				CLANG_CXX_LANGUAGE_STANDARD = "gnu++14";
				CLANG_CXX_LIBRARY = "libc++";
				CLANG_ENABLE_MODULES = YES;
				CLANG_ENABLE_OBJC_ARC = YES;
				CLANG_ENABLE_OBJC_WEAK = YES;
				CLANG_WARN_BLOCK_CAPTURE_AUTORELEASING = YES;
				CLANG_WARN_BOOL_CONVERSION = YES;
				CLANG_WARN_COMMA = YES;
				CLANG_WARN_CONSTANT_CONVERSION = YES;
				CLANG_WARN_DEPRECATED_OBJC_IMPLEMENTATIONS = YES;
				CLANG_WARN_DIRECT_OBJC_ISA_USAGE = YES_ERROR;
				CLANG_WARN_DOCUMENTATION_COMMENTS = YES;
				CLANG_WARN_EMPTY_BODY = YES;
				CLANG_WARN_ENUM_CONVERSION = YES;
				CLANG_WARN_INFINITE_RECURSION = YES;
				CLANG_WARN_INT_CONVERSION = YES;
				CLANG_WARN_NON_LITERAL_NULL_CONVERSION = YES;
				CLANG_WARN_OBJC_IMPLICIT_RETAIN_SELF = YES;
				CLANG_WARN_OBJC_LITERAL_CONVERSION = YES;
				CLANG_WARN_OBJC_ROOT_CLASS = YES_ERROR;
				CLANG_WARN_RANGE_LOOP_ANALYSIS = YES;
				CLANG_WARN_STRICT_PROTOTYPES = YES;
				CLANG_WARN_SUSPICIOUS_MOVE = YES;
				CLANG_WARN_UNGUARDED_AVAILABILITY = YES_AGGRESSIVE;
				CLANG_WARN_UNREACHABLE_CODE = YES;
				CLANG_WARN__DUPLICATE_METHOD_MATCH = YES;
				CODE_SIGN_IDENTITY = "iPhone Developer";
				COPY_PHASE_STRIP = NO;
				DEBUG_INFORMATION_FORMAT = "dwarf-with-dsym";
				ENABLE_NS_ASSERTIONS = NO;
				ENABLE_STRICT_OBJC_MSGSEND = YES;
				GCC_C_LANGUAGE_STANDARD = gnu11;
				GCC_NO_COMMON_BLOCKS = YES;
				GCC_WARN_64_TO_32_BIT_CONVERSION = YES;
				GCC_WARN_ABOUT_RETURN_TYPE = YES_ERROR;
				GCC_WARN_UNDECLARED_SELECTOR = YES;
				GCC_WARN_UNINITIALIZED_AUTOS = YES_AGGRESSIVE;
				GCC_WARN_UNUSED_FUNCTION = YES;
				GCC_WARN_UNUSED_VARIABLE = YES;
				IPHONEOS_DEPLOYMENT_TARGET = 12.1;
				MTL_ENABLE_DEBUG_INFO = NO;
				MTL_FAST_MATH = YES;
				SDKROOT = iphoneos;
				SWIFT_COMPILATION_MODE = wholemodule;
				SWIFT_OPTIMIZATION_LEVEL = "-O";
				VALIDATE_PRODUCT = YES;
			};
			name = Release;
		};
		47B3F60E21FB0D6C00EF5D6C /* Debug */ = {
			isa = XCBuildConfiguration;
			buildSettings = {
				ASSETCATALOG_COMPILER_APPICON_NAME = AppIcon;
				CODE_SIGN_STYLE = Automatic;
				DEVELOPMENT_TEAM = 2GW97PK2B6;
				INFOPLIST_FILE = ToDoList/Info.plist;
				LD_RUNPATH_SEARCH_PATHS = (
					"$(inherited)",
					"@executable_path/Frameworks",
				);
				PRODUCT_BUNDLE_IDENTIFIER = com.sara.ToDoList;
				PRODUCT_NAME = "$(TARGET_NAME)";
				SWIFT_VERSION = 4.2;
				TARGETED_DEVICE_FAMILY = "1,2";
			};
			name = Debug;
		};
		47B3F60F21FB0D6C00EF5D6C /* Release */ = {
			isa = XCBuildConfiguration;
			buildSettings = {
				ASSETCATALOG_COMPILER_APPICON_NAME = AppIcon;
				CODE_SIGN_STYLE = Automatic;
				DEVELOPMENT_TEAM = 2GW97PK2B6;
				INFOPLIST_FILE = ToDoList/Info.plist;
				LD_RUNPATH_SEARCH_PATHS = (
					"$(inherited)",
					"@executable_path/Frameworks",
				);
				PRODUCT_BUNDLE_IDENTIFIER = com.sara.ToDoList;
				PRODUCT_NAME = "$(TARGET_NAME)";
				SWIFT_VERSION = 4.2;
				TARGETED_DEVICE_FAMILY = "1,2";
			};
			name = Release;
		};
/* End XCBuildConfiguration section */

/* Begin XCConfigurationList section */
		47B3F5F621FB0D5F00EF5D6C /* Build configuration list for PBXProject "ToDoList" */ = {
			isa = XCConfigurationList;
			buildConfigurations = (
				47B3F60B21FB0D6C00EF5D6C /* Debug */,
				47B3F60C21FB0D6C00EF5D6C /* Release */,
			);
			defaultConfigurationIsVisible = 0;
			defaultConfigurationName = Release;
		};
		47B3F60D21FB0D6C00EF5D6C /* Build configuration list for PBXNativeTarget "ToDoList" */ = {
			isa = XCConfigurationList;
			buildConfigurations = (
				47B3F60E21FB0D6C00EF5D6C /* Debug */,
				47B3F60F21FB0D6C00EF5D6C /* Release */,
			);
			defaultConfigurationIsVisible = 0;
			defaultConfigurationName = Release;
		};
/* End XCConfigurationList section */
	};
	rootObject = 47B3F5F321FB0D5F00EF5D6C /* Project object */;
}
